// !$*UTF8*$!
{
	archiveVersion = 1;
	classes = {
	};
	objectVersion = 56;
	objects = {

/* Begin PBXBuildFile section */
		B748C6752BF4FE33002D72EA /* AppDelegate.swift in Sources */ = {isa = PBXBuildFile; fileRef = B748C6742BF4FE33002D72EA /* AppDelegate.swift */; };
		B748C6772BF4FE33002D72EA /* SceneDelegate.swift in Sources */ = {isa = PBXBuildFile; fileRef = B748C6762BF4FE33002D72EA /* SceneDelegate.swift */; };
		B748C6792BF4FE33002D72EA /* RMTabBarController.swift in Sources */ = {isa = PBXBuildFile; fileRef = B748C6782BF4FE33002D72EA /* RMTabBarController.swift */; };
		B748C67E2BF4FE35002D72EA /* Assets.xcassets in Resources */ = {isa = PBXBuildFile; fileRef = B748C67D2BF4FE35002D72EA /* Assets.xcassets */; };
		B748C6812BF4FE35002D72EA /* Base in Resources */ = {isa = PBXBuildFile; fileRef = B748C6802BF4FE35002D72EA /* Base */; };
		B748C6912BF4FFE3002D72EA /* RMCharacterVC.swift in Sources */ = {isa = PBXBuildFile; fileRef = B748C6902BF4FFE3002D72EA /* RMCharacterVC.swift */; };
		B748C6932BF4FFFC002D72EA /* RMEpisodeVC.swift in Sources */ = {isa = PBXBuildFile; fileRef = B748C6922BF4FFFC002D72EA /* RMEpisodeVC.swift */; };
		B748C6952BF5000D002D72EA /* RMLocationVC.swift in Sources */ = {isa = PBXBuildFile; fileRef = B748C6942BF5000D002D72EA /* RMLocationVC.swift */; };
		B748C6972BF5001E002D72EA /* RMSettingsVC.swift in Sources */ = {isa = PBXBuildFile; fileRef = B748C6962BF5001E002D72EA /* RMSettingsVC.swift */; };
		B748C6992BF5002F002D72EA /* RMLocation.swift in Sources */ = {isa = PBXBuildFile; fileRef = B748C6982BF5002F002D72EA /* RMLocation.swift */; };
		B748C69B2BF5003A002D72EA /* RMCharacter.swift in Sources */ = {isa = PBXBuildFile; fileRef = B748C69A2BF5003A002D72EA /* RMCharacter.swift */; };
		B748C69D2BF50044002D72EA /* RMEpisode.swift in Sources */ = {isa = PBXBuildFile; fileRef = B748C69C2BF50044002D72EA /* RMEpisode.swift */; };
		B748C6A12BF5062C002D72EA /* SFSymbols.swift in Sources */ = {isa = PBXBuildFile; fileRef = B748C6A02BF5062C002D72EA /* SFSymbols.swift */; };
		B748C6A32BF53A5C002D72EA /* RMService.swift in Sources */ = {isa = PBXBuildFile; fileRef = B748C6A22BF53A5C002D72EA /* RMService.swift */; };
		B748C6A52BF53A65002D72EA /* RMRequest.swift in Sources */ = {isa = PBXBuildFile; fileRef = B748C6A42BF53A65002D72EA /* RMRequest.swift */; };
		B748C6A72BF53B39002D72EA /* RMEndPoint.swift in Sources */ = {isa = PBXBuildFile; fileRef = B748C6A62BF53B39002D72EA /* RMEndPoint.swift */; };
		B748C6A92BF5428E002D72EA /* RMOrigin.swift in Sources */ = {isa = PBXBuildFile; fileRef = B748C6A82BF5428E002D72EA /* RMOrigin.swift */; };
		B748C6AB2BF54303002D72EA /* RMOriginLocation.swift in Sources */ = {isa = PBXBuildFile; fileRef = B748C6AA2BF54303002D72EA /* RMOriginLocation.swift */; };
		B748C6AD2BF5440B002D72EA /* RMCharacterStatus.swift in Sources */ = {isa = PBXBuildFile; fileRef = B748C6AC2BF5440B002D72EA /* RMCharacterStatus.swift */; };
		B748C6AF2BF5443A002D72EA /* RMCharacterGender.swift in Sources */ = {isa = PBXBuildFile; fileRef = B748C6AE2BF5443A002D72EA /* RMCharacterGender.swift */; };
		B748C6B12BF66127002D72EA /* RMServiceErrors.swift in Sources */ = {isa = PBXBuildFile; fileRef = B748C6B02BF66126002D72EA /* RMServiceErrors.swift */; };
		B748C6B52BF66AA8002D72EA /* RMGetAllCharactersResponse.swift in Sources */ = {isa = PBXBuildFile; fileRef = B748C6B42BF66AA8002D72EA /* RMGetAllCharactersResponse.swift */; };
		B748C6B72BF674C6002D72EA /* RMCharacterListViewVM.swift in Sources */ = {isa = PBXBuildFile; fileRef = B748C6B62BF674C6002D72EA /* RMCharacterListViewVM.swift */; };
		B748C6B92BF6755E002D72EA /* RMCharacterListView.swift in Sources */ = {isa = PBXBuildFile; fileRef = B748C6B82BF6755E002D72EA /* RMCharacterListView.swift */; };
		B748C6BB2BF67627002D72EA /* UIView+Ext.swift in Sources */ = {isa = PBXBuildFile; fileRef = B748C6BA2BF67627002D72EA /* UIView+Ext.swift */; };
		B748C6DA2BF6A80A002D72EA /* RMSpinner.swift in Sources */ = {isa = PBXBuildFile; fileRef = B748C6D92BF6A80A002D72EA /* RMSpinner.swift */; };
		B748C6DC2BF6AD30002D72EA /* RMCharacterListCollectionView.swift in Sources */ = {isa = PBXBuildFile; fileRef = B748C6DB2BF6AD30002D72EA /* RMCharacterListCollectionView.swift */; };
		B748C6DE2BF7B7F9002D72EA /* RMLayoutFlow.swift in Sources */ = {isa = PBXBuildFile; fileRef = B748C6DD2BF7B7F9002D72EA /* RMLayoutFlow.swift */; };
		B748C6E02BF7BCB7002D72EA /* RMCharacterCollectionViewCell.swift in Sources */ = {isa = PBXBuildFile; fileRef = B748C6DF2BF7BCB7002D72EA /* RMCharacterCollectionViewCell.swift */; };
		B748C6E22BF7BE4D002D72EA /* RMCharacterCollectionViewCellVM.swift in Sources */ = {isa = PBXBuildFile; fileRef = B748C6E12BF7BE4D002D72EA /* RMCharacterCollectionViewCellVM.swift */; };
		B748C6E42BF7BFDE002D72EA /* RMImageView.swift in Sources */ = {isa = PBXBuildFile; fileRef = B748C6E32BF7BFDE002D72EA /* RMImageView.swift */; };
		B748C6E62BF7C042002D72EA /* RMNameLabel.swift in Sources */ = {isa = PBXBuildFile; fileRef = B748C6E52BF7C042002D72EA /* RMNameLabel.swift */; };
		B748C6E82BF7C207002D72EA /* RMStatusLabel.swift in Sources */ = {isa = PBXBuildFile; fileRef = B748C6E72BF7C207002D72EA /* RMStatusLabel.swift */; };
		B748C6EB2BFBCF95002D72EA /* RMCharacterDetailVC.swift in Sources */ = {isa = PBXBuildFile; fileRef = B748C6EA2BFBCF95002D72EA /* RMCharacterDetailVC.swift */; };
		B748C6ED2BFBD043002D72EA /* RMCharacterDetailView.swift in Sources */ = {isa = PBXBuildFile; fileRef = B748C6EC2BFBD043002D72EA /* RMCharacterDetailView.swift */; };
		B748C6EF2BFBD090002D72EA /* RMCharacterDetailViewVM.swift in Sources */ = {isa = PBXBuildFile; fileRef = B748C6EE2BFBD090002D72EA /* RMCharacterDetailViewVM.swift */; };
		B748C6F12BFD1185002D72EA /* RMFooterLoadingCollectionReusableView.swift in Sources */ = {isa = PBXBuildFile; fileRef = B748C6F02BFD1185002D72EA /* RMFooterLoadingCollectionReusableView.swift */; };
		B748C6F32BFECB7B002D72EA /* RMImageLoader.swift in Sources */ = {isa = PBXBuildFile; fileRef = B748C6F22BFECB7B002D72EA /* RMImageLoader.swift */; };
		B748C6F72C0134F3002D72EA /* RMCharacterDetailCollectionVIew.swift in Sources */ = {isa = PBXBuildFile; fileRef = B748C6F62C0134F3002D72EA /* RMCharacterDetailCollectionVIew.swift */; };
		B748C6FD2C019111002D72EA /* RMLayoutCompositional.swift in Sources */ = {isa = PBXBuildFile; fileRef = B748C6FC2C019111002D72EA /* RMLayoutCompositional.swift */; };
		B748C7012C04CA9D002D72EA /* RMCharacterPhotoCollectionViewCell.swift in Sources */ = {isa = PBXBuildFile; fileRef = B748C7002C04CA9D002D72EA /* RMCharacterPhotoCollectionViewCell.swift */; };
		B748C7032C04CAAC002D72EA /* RMCharacterInfoCollectionViewCell.swift in Sources */ = {isa = PBXBuildFile; fileRef = B748C7022C04CAAC002D72EA /* RMCharacterInfoCollectionViewCell.swift */; };
		B748C7052C04CABB002D72EA /* RMCharacterEpisodeCollectionViewCell.swift in Sources */ = {isa = PBXBuildFile; fileRef = B748C7042C04CABB002D72EA /* RMCharacterEpisodeCollectionViewCell.swift */; };
		B748C7082C04CB3A002D72EA /* RMCharacterPhotoCollectionViewCellVM.swift in Sources */ = {isa = PBXBuildFile; fileRef = B748C7072C04CB3A002D72EA /* RMCharacterPhotoCollectionViewCellVM.swift */; };
		B748C70A2C04CB47002D72EA /* RMCharacterInfoCollectionViewCellVM.swift in Sources */ = {isa = PBXBuildFile; fileRef = B748C7092C04CB47002D72EA /* RMCharacterInfoCollectionViewCellVM.swift */; };
		B748C70C2C04CB54002D72EA /* RMCharacterEpisodeCollectionViewCellVM.swift in Sources */ = {isa = PBXBuildFile; fileRef = B748C70B2C04CB54002D72EA /* RMCharacterEpisodeCollectionViewCellVM.swift */; };
		B748C70F2C0528ED002D72EA /* Date+Ext.swift in Sources */ = {isa = PBXBuildFile; fileRef = B748C70E2C0528EC002D72EA /* Date+Ext.swift */; };
		B748C7112C077852002D72EA /* RMEpisodeDetailVC.swift in Sources */ = {isa = PBXBuildFile; fileRef = B748C7102C077852002D72EA /* RMEpisodeDetailVC.swift */; };
		B748C7132C077FB1002D72EA /* RMAPICache.swift in Sources */ = {isa = PBXBuildFile; fileRef = B748C7122C077FB1002D72EA /* RMAPICache.swift */; };
		B748C7152C07874A002D72EA /* RMEpisodeDetailViewVM.swift in Sources */ = {isa = PBXBuildFile; fileRef = B748C7142C07874A002D72EA /* RMEpisodeDetailViewVM.swift */; };
		B748C7172C0787F8002D72EA /* RMEpisodeDetailView.swift in Sources */ = {isa = PBXBuildFile; fileRef = B748C7162C0787F8002D72EA /* RMEpisodeDetailView.swift */; };
		B748C71A2C07B146002D72EA /* RMEpisodeListView.swift in Sources */ = {isa = PBXBuildFile; fileRef = B748C7192C07B146002D72EA /* RMEpisodeListView.swift */; };
		B748C71C2C07B479002D72EA /* RMEpisodeListViewVM.swift in Sources */ = {isa = PBXBuildFile; fileRef = B748C71B2C07B479002D72EA /* RMEpisodeListViewVM.swift */; };
		B748C71E2C07B736002D72EA /* RMGetAllEpisodesResponse.swift in Sources */ = {isa = PBXBuildFile; fileRef = B748C71D2C07B736002D72EA /* RMGetAllEpisodesResponse.swift */; };
		B748C7202C07BB46002D72EA /* RMEpisodeListCollectionView.swift in Sources */ = {isa = PBXBuildFile; fileRef = B748C71F2C07BB46002D72EA /* RMEpisodeListCollectionView.swift */; };
		B748C7222C08E57E002D72EA /* RMSearchVC.swift in Sources */ = {isa = PBXBuildFile; fileRef = B748C7212C08E57E002D72EA /* RMSearchVC.swift */; };
		B748C7252C0A6068002D72EA /* RMEpisodeDetailCollectionView.swift in Sources */ = {isa = PBXBuildFile; fileRef = B748C7242C0A6068002D72EA /* RMEpisodeDetailCollectionView.swift */; };
		B748C7272C0A6289002D72EA /* RMEpisodeInfoCollectionViewCell.swift in Sources */ = {isa = PBXBuildFile; fileRef = B748C7262C0A6289002D72EA /* RMEpisodeInfoCollectionViewCell.swift */; };
		B748C72A2C0A649D002D72EA /* RMEpisodeInfoCollectionViewCellVM.swift in Sources */ = {isa = PBXBuildFile; fileRef = B748C7292C0A649D002D72EA /* RMEpisodeInfoCollectionViewCellVM.swift */; };
		B7B37A6D2C1A25FE00654F0D /* RMSearchView.swift in Sources */ = {isa = PBXBuildFile; fileRef = B7B37A6C2C1A25FE00654F0D /* RMSearchView.swift */; };
		B7B37A6F2C1A261A00654F0D /* RMSearchViewVM.swift in Sources */ = {isa = PBXBuildFile; fileRef = B7B37A6E2C1A261A00654F0D /* RMSearchViewVM.swift */; };
		B7B37A732C1A279C00654F0D /* RMNoSearchResultView.swift in Sources */ = {isa = PBXBuildFile; fileRef = B7B37A722C1A279C00654F0D /* RMNoSearchResultView.swift */; };
		B7B37A762C1A27CA00654F0D /* RMNoSearchResultViewVM.swift in Sources */ = {isa = PBXBuildFile; fileRef = B7B37A752C1A27CA00654F0D /* RMNoSearchResultViewVM.swift */; };
		B7B37A782C1A281600654F0D /* RMSearchInputView.swift in Sources */ = {isa = PBXBuildFile; fileRef = B7B37A772C1A281600654F0D /* RMSearchInputView.swift */; };
		B7B37A7A2C1A283100654F0D /* RMSearchInputViewVM.swift in Sources */ = {isa = PBXBuildFile; fileRef = B7B37A792C1A283100654F0D /* RMSearchInputViewVM.swift */; };
		B7B37A7C2C1CC61A00654F0D /* RMSearchButton.swift in Sources */ = {isa = PBXBuildFile; fileRef = B7B37A7B2C1CC61A00654F0D /* RMSearchButton.swift */; };
		B7DEA0992C2B39ED009417F3 /* RMSearchOptionVC.swift in Sources */ = {isa = PBXBuildFile; fileRef = B7DEA0982C2B39ED009417F3 /* RMSearchOptionVC.swift */; };
		B7DEA09B2C2C8659009417F3 /* RMSearchResultVM.swift in Sources */ = {isa = PBXBuildFile; fileRef = B7DEA09A2C2C8659009417F3 /* RMSearchResultVM.swift */; };
		B7DEA09D2C2CBFA0009417F3 /* RMSearchResultsView.swift in Sources */ = {isa = PBXBuildFile; fileRef = B7DEA09C2C2CBFA0009417F3 /* RMSearchResultsView.swift */; };
		B7ED4B0E2C120A8400A2FAFC /* RMSettingsOption.swift in Sources */ = {isa = PBXBuildFile; fileRef = B7ED4B0D2C120A8400A2FAFC /* RMSettingsOption.swift */; };
		B7ED4B102C120A9600A2FAFC /* RMSettingsViewVM.swift in Sources */ = {isa = PBXBuildFile; fileRef = B7ED4B0F2C120A9600A2FAFC /* RMSettingsViewVM.swift */; };
		B7ED4B122C120AA700A2FAFC /* RMSettingsCellVM.swift in Sources */ = {isa = PBXBuildFile; fileRef = B7ED4B112C120AA700A2FAFC /* RMSettingsCellVM.swift */; };
		B7ED4B152C12116800A2FAFC /* RMSettingsView.swift in Sources */ = {isa = PBXBuildFile; fileRef = B7ED4B142C12116800A2FAFC /* RMSettingsView.swift */; };
		B7ED4B182C1779C500A2FAFC /* RMLocationView.swift in Sources */ = {isa = PBXBuildFile; fileRef = B7ED4B172C1779C500A2FAFC /* RMLocationView.swift */; };
		B7ED4B1A2C177A5400A2FAFC /* RMLocationTableView.swift in Sources */ = {isa = PBXBuildFile; fileRef = B7ED4B192C177A5400A2FAFC /* RMLocationTableView.swift */; };
		B7ED4B1C2C177F4100A2FAFC /* RMLocationViewVM.swift in Sources */ = {isa = PBXBuildFile; fileRef = B7ED4B1B2C177F4100A2FAFC /* RMLocationViewVM.swift */; };
		B7ED4B1E2C18CF0500A2FAFC /* RMGetLocationsResponse.swift in Sources */ = {isa = PBXBuildFile; fileRef = B7ED4B1D2C18CF0500A2FAFC /* RMGetLocationsResponse.swift */; };
		B7ED4B202C18D2F900A2FAFC /* RMLocationTableViewCell.swift in Sources */ = {isa = PBXBuildFile; fileRef = B7ED4B1F2C18D2F900A2FAFC /* RMLocationTableViewCell.swift */; };
		B7ED4B232C18D3B300A2FAFC /* RMLocationTableViewCellVM.swift in Sources */ = {isa = PBXBuildFile; fileRef = B7ED4B222C18D3B300A2FAFC /* RMLocationTableViewCellVM.swift */; };
		B7ED4B252C1948DB00A2FAFC /* RMLocationDetailVC.swift in Sources */ = {isa = PBXBuildFile; fileRef = B7ED4B242C1948DB00A2FAFC /* RMLocationDetailVC.swift */; };
		B7ED4B2B2C194E0300A2FAFC /* RMLocationDetailView.swift in Sources */ = {isa = PBXBuildFile; fileRef = B7ED4B2A2C194E0300A2FAFC /* RMLocationDetailView.swift */; };
		B7ED4B2D2C194E3100A2FAFC /* RMLocationDetailCollectionView.swift in Sources */ = {isa = PBXBuildFile; fileRef = B7ED4B2C2C194E3100A2FAFC /* RMLocationDetailCollectionView.swift */; };
		B7ED4B2F2C194E4400A2FAFC /* RMLocationInfoCollectionViewCell.swift in Sources */ = {isa = PBXBuildFile; fileRef = B7ED4B2E2C194E4400A2FAFC /* RMLocationInfoCollectionViewCell.swift */; };
		B7ED4B312C194EDB00A2FAFC /* RMLocationDetailViewVM.swift in Sources */ = {isa = PBXBuildFile; fileRef = B7ED4B302C194EDB00A2FAFC /* RMLocationDetailViewVM.swift */; };
		B7ED4B332C194F0100A2FAFC /* RMLocationInfoCollectionViewCellVM.swift in Sources */ = {isa = PBXBuildFile; fileRef = B7ED4B322C194F0100A2FAFC /* RMLocationInfoCollectionViewCellVM.swift */; };
/* End PBXBuildFile section */

/* Begin PBXFileReference section */
		B748C6712BF4FE33002D72EA /* RickandMortyTest.app */ = {isa = PBXFileReference; explicitFileType = wrapper.application; includeInIndex = 0; path = RickandMortyTest.app; sourceTree = BUILT_PRODUCTS_DIR; };
		B748C6742BF4FE33002D72EA /* AppDelegate.swift */ = {isa = PBXFileReference; lastKnownFileType = sourcecode.swift; path = AppDelegate.swift; sourceTree = "<group>"; };
		B748C6762BF4FE33002D72EA /* SceneDelegate.swift */ = {isa = PBXFileReference; lastKnownFileType = sourcecode.swift; path = SceneDelegate.swift; sourceTree = "<group>"; };
		B748C6782BF4FE33002D72EA /* RMTabBarController.swift */ = {isa = PBXFileReference; lastKnownFileType = sourcecode.swift; path = RMTabBarController.swift; sourceTree = "<group>"; };
		B748C67D2BF4FE35002D72EA /* Assets.xcassets */ = {isa = PBXFileReference; lastKnownFileType = folder.assetcatalog; path = Assets.xcassets; sourceTree = "<group>"; };
		B748C6802BF4FE35002D72EA /* Base */ = {isa = PBXFileReference; lastKnownFileType = file.storyboard; name = Base; path = Base.lproj/LaunchScreen.storyboard; sourceTree = "<group>"; };
		B748C6822BF4FE35002D72EA /* Info.plist */ = {isa = PBXFileReference; lastKnownFileType = text.plist.xml; path = Info.plist; sourceTree = "<group>"; };
		B748C6902BF4FFE3002D72EA /* RMCharacterVC.swift */ = {isa = PBXFileReference; lastKnownFileType = sourcecode.swift; path = RMCharacterVC.swift; sourceTree = "<group>"; };
		B748C6922BF4FFFC002D72EA /* RMEpisodeVC.swift */ = {isa = PBXFileReference; lastKnownFileType = sourcecode.swift; path = RMEpisodeVC.swift; sourceTree = "<group>"; };
		B748C6942BF5000D002D72EA /* RMLocationVC.swift */ = {isa = PBXFileReference; lastKnownFileType = sourcecode.swift; path = RMLocationVC.swift; sourceTree = "<group>"; };
		B748C6962BF5001E002D72EA /* RMSettingsVC.swift */ = {isa = PBXFileReference; lastKnownFileType = sourcecode.swift; path = RMSettingsVC.swift; sourceTree = "<group>"; };
		B748C6982BF5002F002D72EA /* RMLocation.swift */ = {isa = PBXFileReference; lastKnownFileType = sourcecode.swift; path = RMLocation.swift; sourceTree = "<group>"; };
		B748C69A2BF5003A002D72EA /* RMCharacter.swift */ = {isa = PBXFileReference; lastKnownFileType = sourcecode.swift; path = RMCharacter.swift; sourceTree = "<group>"; };
		B748C69C2BF50044002D72EA /* RMEpisode.swift */ = {isa = PBXFileReference; lastKnownFileType = sourcecode.swift; path = RMEpisode.swift; sourceTree = "<group>"; };
		B748C6A02BF5062C002D72EA /* SFSymbols.swift */ = {isa = PBXFileReference; lastKnownFileType = sourcecode.swift; path = SFSymbols.swift; sourceTree = "<group>"; };
		B748C6A22BF53A5C002D72EA /* RMService.swift */ = {isa = PBXFileReference; lastKnownFileType = sourcecode.swift; path = RMService.swift; sourceTree = "<group>"; };
		B748C6A42BF53A65002D72EA /* RMRequest.swift */ = {isa = PBXFileReference; lastKnownFileType = sourcecode.swift; path = RMRequest.swift; sourceTree = "<group>"; };
		B748C6A62BF53B39002D72EA /* RMEndPoint.swift */ = {isa = PBXFileReference; lastKnownFileType = sourcecode.swift; path = RMEndPoint.swift; sourceTree = "<group>"; };
		B748C6A82BF5428E002D72EA /* RMOrigin.swift */ = {isa = PBXFileReference; lastKnownFileType = sourcecode.swift; path = RMOrigin.swift; sourceTree = "<group>"; };
		B748C6AA2BF54303002D72EA /* RMOriginLocation.swift */ = {isa = PBXFileReference; lastKnownFileType = sourcecode.swift; path = RMOriginLocation.swift; sourceTree = "<group>"; };
		B748C6AC2BF5440B002D72EA /* RMCharacterStatus.swift */ = {isa = PBXFileReference; lastKnownFileType = sourcecode.swift; path = RMCharacterStatus.swift; sourceTree = "<group>"; };
		B748C6AE2BF5443A002D72EA /* RMCharacterGender.swift */ = {isa = PBXFileReference; lastKnownFileType = sourcecode.swift; path = RMCharacterGender.swift; sourceTree = "<group>"; };
		B748C6B02BF66126002D72EA /* RMServiceErrors.swift */ = {isa = PBXFileReference; lastKnownFileType = sourcecode.swift; path = RMServiceErrors.swift; sourceTree = "<group>"; };
		B748C6B42BF66AA8002D72EA /* RMGetAllCharactersResponse.swift */ = {isa = PBXFileReference; lastKnownFileType = sourcecode.swift; path = RMGetAllCharactersResponse.swift; sourceTree = "<group>"; };
		B748C6B62BF674C6002D72EA /* RMCharacterListViewVM.swift */ = {isa = PBXFileReference; lastKnownFileType = sourcecode.swift; path = RMCharacterListViewVM.swift; sourceTree = "<group>"; };
		B748C6B82BF6755E002D72EA /* RMCharacterListView.swift */ = {isa = PBXFileReference; lastKnownFileType = sourcecode.swift; path = RMCharacterListView.swift; sourceTree = "<group>"; };
		B748C6BA2BF67627002D72EA /* UIView+Ext.swift */ = {isa = PBXFileReference; lastKnownFileType = sourcecode.swift; path = "UIView+Ext.swift"; sourceTree = "<group>"; };
		B748C6D92BF6A80A002D72EA /* RMSpinner.swift */ = {isa = PBXFileReference; lastKnownFileType = sourcecode.swift; path = RMSpinner.swift; sourceTree = "<group>"; };
		B748C6DB2BF6AD30002D72EA /* RMCharacterListCollectionView.swift */ = {isa = PBXFileReference; lastKnownFileType = sourcecode.swift; path = RMCharacterListCollectionView.swift; sourceTree = "<group>"; };
		B748C6DD2BF7B7F9002D72EA /* RMLayoutFlow.swift */ = {isa = PBXFileReference; lastKnownFileType = sourcecode.swift; path = RMLayoutFlow.swift; sourceTree = "<group>"; };
		B748C6DF2BF7BCB7002D72EA /* RMCharacterCollectionViewCell.swift */ = {isa = PBXFileReference; lastKnownFileType = sourcecode.swift; path = RMCharacterCollectionViewCell.swift; sourceTree = "<group>"; };
		B748C6E12BF7BE4D002D72EA /* RMCharacterCollectionViewCellVM.swift */ = {isa = PBXFileReference; lastKnownFileType = sourcecode.swift; path = RMCharacterCollectionViewCellVM.swift; sourceTree = "<group>"; };
		B748C6E32BF7BFDE002D72EA /* RMImageView.swift */ = {isa = PBXFileReference; lastKnownFileType = sourcecode.swift; path = RMImageView.swift; sourceTree = "<group>"; };
		B748C6E52BF7C042002D72EA /* RMNameLabel.swift */ = {isa = PBXFileReference; lastKnownFileType = sourcecode.swift; path = RMNameLabel.swift; sourceTree = "<group>"; };
		B748C6E72BF7C207002D72EA /* RMStatusLabel.swift */ = {isa = PBXFileReference; lastKnownFileType = sourcecode.swift; path = RMStatusLabel.swift; sourceTree = "<group>"; };
		B748C6EA2BFBCF95002D72EA /* RMCharacterDetailVC.swift */ = {isa = PBXFileReference; lastKnownFileType = sourcecode.swift; path = RMCharacterDetailVC.swift; sourceTree = "<group>"; };
		B748C6EC2BFBD043002D72EA /* RMCharacterDetailView.swift */ = {isa = PBXFileReference; lastKnownFileType = sourcecode.swift; path = RMCharacterDetailView.swift; sourceTree = "<group>"; };
		B748C6EE2BFBD090002D72EA /* RMCharacterDetailViewVM.swift */ = {isa = PBXFileReference; lastKnownFileType = sourcecode.swift; path = RMCharacterDetailViewVM.swift; sourceTree = "<group>"; };
		B748C6F02BFD1185002D72EA /* RMFooterLoadingCollectionReusableView.swift */ = {isa = PBXFileReference; lastKnownFileType = sourcecode.swift; path = RMFooterLoadingCollectionReusableView.swift; sourceTree = "<group>"; };
		B748C6F22BFECB7B002D72EA /* RMImageLoader.swift */ = {isa = PBXFileReference; lastKnownFileType = sourcecode.swift; path = RMImageLoader.swift; sourceTree = "<group>"; };
		B748C6F62C0134F3002D72EA /* RMCharacterDetailCollectionVIew.swift */ = {isa = PBXFileReference; lastKnownFileType = sourcecode.swift; path = RMCharacterDetailCollectionVIew.swift; sourceTree = "<group>"; };
		B748C6FC2C019111002D72EA /* RMLayoutCompositional.swift */ = {isa = PBXFileReference; lastKnownFileType = sourcecode.swift; path = RMLayoutCompositional.swift; sourceTree = "<group>"; };
		B748C7002C04CA9D002D72EA /* RMCharacterPhotoCollectionViewCell.swift */ = {isa = PBXFileReference; lastKnownFileType = sourcecode.swift; path = RMCharacterPhotoCollectionViewCell.swift; sourceTree = "<group>"; };
		B748C7022C04CAAC002D72EA /* RMCharacterInfoCollectionViewCell.swift */ = {isa = PBXFileReference; lastKnownFileType = sourcecode.swift; path = RMCharacterInfoCollectionViewCell.swift; sourceTree = "<group>"; };
		B748C7042C04CABB002D72EA /* RMCharacterEpisodeCollectionViewCell.swift */ = {isa = PBXFileReference; lastKnownFileType = sourcecode.swift; path = RMCharacterEpisodeCollectionViewCell.swift; sourceTree = "<group>"; };
		B748C7072C04CB3A002D72EA /* RMCharacterPhotoCollectionViewCellVM.swift */ = {isa = PBXFileReference; lastKnownFileType = sourcecode.swift; path = RMCharacterPhotoCollectionViewCellVM.swift; sourceTree = "<group>"; };
		B748C7092C04CB47002D72EA /* RMCharacterInfoCollectionViewCellVM.swift */ = {isa = PBXFileReference; lastKnownFileType = sourcecode.swift; path = RMCharacterInfoCollectionViewCellVM.swift; sourceTree = "<group>"; };
		B748C70B2C04CB54002D72EA /* RMCharacterEpisodeCollectionViewCellVM.swift */ = {isa = PBXFileReference; lastKnownFileType = sourcecode.swift; path = RMCharacterEpisodeCollectionViewCellVM.swift; sourceTree = "<group>"; };
		B748C70E2C0528EC002D72EA /* Date+Ext.swift */ = {isa = PBXFileReference; lastKnownFileType = sourcecode.swift; path = "Date+Ext.swift"; sourceTree = "<group>"; };
		B748C7102C077852002D72EA /* RMEpisodeDetailVC.swift */ = {isa = PBXFileReference; lastKnownFileType = sourcecode.swift; path = RMEpisodeDetailVC.swift; sourceTree = "<group>"; };
		B748C7122C077FB1002D72EA /* RMAPICache.swift */ = {isa = PBXFileReference; lastKnownFileType = sourcecode.swift; path = RMAPICache.swift; sourceTree = "<group>"; };
		B748C7142C07874A002D72EA /* RMEpisodeDetailViewVM.swift */ = {isa = PBXFileReference; lastKnownFileType = sourcecode.swift; path = RMEpisodeDetailViewVM.swift; sourceTree = "<group>"; };
		B748C7162C0787F8002D72EA /* RMEpisodeDetailView.swift */ = {isa = PBXFileReference; lastKnownFileType = sourcecode.swift; path = RMEpisodeDetailView.swift; sourceTree = "<group>"; };
		B748C7192C07B146002D72EA /* RMEpisodeListView.swift */ = {isa = PBXFileReference; lastKnownFileType = sourcecode.swift; path = RMEpisodeListView.swift; sourceTree = "<group>"; };
		B748C71B2C07B479002D72EA /* RMEpisodeListViewVM.swift */ = {isa = PBXFileReference; lastKnownFileType = sourcecode.swift; path = RMEpisodeListViewVM.swift; sourceTree = "<group>"; };
		B748C71D2C07B736002D72EA /* RMGetAllEpisodesResponse.swift */ = {isa = PBXFileReference; lastKnownFileType = sourcecode.swift; path = RMGetAllEpisodesResponse.swift; sourceTree = "<group>"; };
		B748C71F2C07BB46002D72EA /* RMEpisodeListCollectionView.swift */ = {isa = PBXFileReference; lastKnownFileType = sourcecode.swift; path = RMEpisodeListCollectionView.swift; sourceTree = "<group>"; };
		B748C7212C08E57E002D72EA /* RMSearchVC.swift */ = {isa = PBXFileReference; lastKnownFileType = sourcecode.swift; path = RMSearchVC.swift; sourceTree = "<group>"; };
		B748C7242C0A6068002D72EA /* RMEpisodeDetailCollectionView.swift */ = {isa = PBXFileReference; lastKnownFileType = sourcecode.swift; path = RMEpisodeDetailCollectionView.swift; sourceTree = "<group>"; };
		B748C7262C0A6289002D72EA /* RMEpisodeInfoCollectionViewCell.swift */ = {isa = PBXFileReference; lastKnownFileType = sourcecode.swift; path = RMEpisodeInfoCollectionViewCell.swift; sourceTree = "<group>"; };
		B748C7292C0A649D002D72EA /* RMEpisodeInfoCollectionViewCellVM.swift */ = {isa = PBXFileReference; lastKnownFileType = sourcecode.swift; path = RMEpisodeInfoCollectionViewCellVM.swift; sourceTree = "<group>"; };
		B7B37A6C2C1A25FE00654F0D /* RMSearchView.swift */ = {isa = PBXFileReference; lastKnownFileType = sourcecode.swift; path = RMSearchView.swift; sourceTree = "<group>"; };
		B7B37A6E2C1A261A00654F0D /* RMSearchViewVM.swift */ = {isa = PBXFileReference; lastKnownFileType = sourcecode.swift; path = RMSearchViewVM.swift; sourceTree = "<group>"; };
		B7B37A722C1A279C00654F0D /* RMNoSearchResultView.swift */ = {isa = PBXFileReference; lastKnownFileType = sourcecode.swift; path = RMNoSearchResultView.swift; sourceTree = "<group>"; };
		B7B37A752C1A27CA00654F0D /* RMNoSearchResultViewVM.swift */ = {isa = PBXFileReference; lastKnownFileType = sourcecode.swift; path = RMNoSearchResultViewVM.swift; sourceTree = "<group>"; };
		B7B37A772C1A281600654F0D /* RMSearchInputView.swift */ = {isa = PBXFileReference; lastKnownFileType = sourcecode.swift; path = RMSearchInputView.swift; sourceTree = "<group>"; };
		B7B37A792C1A283100654F0D /* RMSearchInputViewVM.swift */ = {isa = PBXFileReference; lastKnownFileType = sourcecode.swift; path = RMSearchInputViewVM.swift; sourceTree = "<group>"; };
		B7B37A7B2C1CC61A00654F0D /* RMSearchButton.swift */ = {isa = PBXFileReference; lastKnownFileType = sourcecode.swift; path = RMSearchButton.swift; sourceTree = "<group>"; };
		B7DEA0982C2B39ED009417F3 /* RMSearchOptionVC.swift */ = {isa = PBXFileReference; lastKnownFileType = sourcecode.swift; path = RMSearchOptionVC.swift; sourceTree = "<group>"; };
		B7DEA09A2C2C8659009417F3 /* RMSearchResultVM.swift */ = {isa = PBXFileReference; lastKnownFileType = sourcecode.swift; path = RMSearchResultVM.swift; sourceTree = "<group>"; };
		B7DEA09C2C2CBFA0009417F3 /* RMSearchResultsView.swift */ = {isa = PBXFileReference; lastKnownFileType = sourcecode.swift; path = RMSearchResultsView.swift; sourceTree = "<group>"; };
		B7ED4B0D2C120A8400A2FAFC /* RMSettingsOption.swift */ = {isa = PBXFileReference; lastKnownFileType = sourcecode.swift; path = RMSettingsOption.swift; sourceTree = "<group>"; };
		B7ED4B0F2C120A9600A2FAFC /* RMSettingsViewVM.swift */ = {isa = PBXFileReference; lastKnownFileType = sourcecode.swift; path = RMSettingsViewVM.swift; sourceTree = "<group>"; };
		B7ED4B112C120AA700A2FAFC /* RMSettingsCellVM.swift */ = {isa = PBXFileReference; lastKnownFileType = sourcecode.swift; path = RMSettingsCellVM.swift; sourceTree = "<group>"; };
		B7ED4B142C12116800A2FAFC /* RMSettingsView.swift */ = {isa = PBXFileReference; lastKnownFileType = sourcecode.swift; path = RMSettingsView.swift; sourceTree = "<group>"; };
		B7ED4B172C1779C500A2FAFC /* RMLocationView.swift */ = {isa = PBXFileReference; lastKnownFileType = sourcecode.swift; path = RMLocationView.swift; sourceTree = "<group>"; };
		B7ED4B192C177A5400A2FAFC /* RMLocationTableView.swift */ = {isa = PBXFileReference; lastKnownFileType = sourcecode.swift; path = RMLocationTableView.swift; sourceTree = "<group>"; };
		B7ED4B1B2C177F4100A2FAFC /* RMLocationViewVM.swift */ = {isa = PBXFileReference; lastKnownFileType = sourcecode.swift; path = RMLocationViewVM.swift; sourceTree = "<group>"; };
		B7ED4B1D2C18CF0500A2FAFC /* RMGetLocationsResponse.swift */ = {isa = PBXFileReference; lastKnownFileType = sourcecode.swift; path = RMGetLocationsResponse.swift; sourceTree = "<group>"; };
		B7ED4B1F2C18D2F900A2FAFC /* RMLocationTableViewCell.swift */ = {isa = PBXFileReference; lastKnownFileType = sourcecode.swift; path = RMLocationTableViewCell.swift; sourceTree = "<group>"; };
		B7ED4B222C18D3B300A2FAFC /* RMLocationTableViewCellVM.swift */ = {isa = PBXFileReference; lastKnownFileType = sourcecode.swift; path = RMLocationTableViewCellVM.swift; sourceTree = "<group>"; };
		B7ED4B242C1948DB00A2FAFC /* RMLocationDetailVC.swift */ = {isa = PBXFileReference; lastKnownFileType = sourcecode.swift; path = RMLocationDetailVC.swift; sourceTree = "<group>"; };
		B7ED4B2A2C194E0300A2FAFC /* RMLocationDetailView.swift */ = {isa = PBXFileReference; lastKnownFileType = sourcecode.swift; path = RMLocationDetailView.swift; sourceTree = "<group>"; };
		B7ED4B2C2C194E3100A2FAFC /* RMLocationDetailCollectionView.swift */ = {isa = PBXFileReference; lastKnownFileType = sourcecode.swift; path = RMLocationDetailCollectionView.swift; sourceTree = "<group>"; };
		B7ED4B2E2C194E4400A2FAFC /* RMLocationInfoCollectionViewCell.swift */ = {isa = PBXFileReference; lastKnownFileType = sourcecode.swift; path = RMLocationInfoCollectionViewCell.swift; sourceTree = "<group>"; };
		B7ED4B302C194EDB00A2FAFC /* RMLocationDetailViewVM.swift */ = {isa = PBXFileReference; lastKnownFileType = sourcecode.swift; path = RMLocationDetailViewVM.swift; sourceTree = "<group>"; };
		B7ED4B322C194F0100A2FAFC /* RMLocationInfoCollectionViewCellVM.swift */ = {isa = PBXFileReference; lastKnownFileType = sourcecode.swift; path = RMLocationInfoCollectionViewCellVM.swift; sourceTree = "<group>"; };
/* End PBXFileReference section */

/* Begin PBXFrameworksBuildPhase section */
		B748C66E2BF4FE33002D72EA /* Frameworks */ = {
			isa = PBXFrameworksBuildPhase;
			buildActionMask = 2147483647;
			files = (
			);
			runOnlyForDeploymentPostprocessing = 0;
		};
/* End PBXFrameworksBuildPhase section */

/* Begin PBXGroup section */
		B748C6682BF4FE33002D72EA = {
			isa = PBXGroup;
			children = (
				B748C6732BF4FE33002D72EA /* RickandMortyTest */,
				B748C6722BF4FE33002D72EA /* Products */,
			);
			sourceTree = "<group>";
		};
		B748C6722BF4FE33002D72EA /* Products */ = {
			isa = PBXGroup;
			children = (
				B748C6712BF4FE33002D72EA /* RickandMortyTest.app */,
			);
			name = Products;
			sourceTree = "<group>";
		};
		B748C6732BF4FE33002D72EA /* RickandMortyTest */ = {
			isa = PBXGroup;
			children = (
				B748C6882BF4FEC7002D72EA /* Resources */,
				B748C69F2BF505DE002D72EA /* Extensions */,
				B748C69E2BF505D7002D72EA /* Constants */,
				B748C68A2BF4FED7002D72EA /* APIClient */,
				B748C6892BF4FED0002D72EA /* Managers */,
				B748C68D2BF4FEF0002D72EA /* Controllers */,
				B748C68C2BF4FEEA002D72EA /* Models */,
				B748C68E2BF4FEFE002D72EA /* Views */,
				B748C68B2BF4FEE2002D72EA /* ViewModels */,
				B748C6822BF4FE35002D72EA /* Info.plist */,
			);
			path = RickandMortyTest;
			sourceTree = "<group>";
		};
		B748C6882BF4FEC7002D72EA /* Resources */ = {
			isa = PBXGroup;
			children = (
				B748C6742BF4FE33002D72EA /* AppDelegate.swift */,
				B748C6762BF4FE33002D72EA /* SceneDelegate.swift */,
				B748C67D2BF4FE35002D72EA /* Assets.xcassets */,
				B748C67F2BF4FE35002D72EA /* LaunchScreen.storyboard */,
			);
			path = Resources;
			sourceTree = "<group>";
		};
		B748C6892BF4FED0002D72EA /* Managers */ = {
			isa = PBXGroup;
			children = (
				B748C6F22BFECB7B002D72EA /* RMImageLoader.swift */,
				B748C7122C077FB1002D72EA /* RMAPICache.swift */,
			);
			path = Managers;
			sourceTree = "<group>";
		};
		B748C68A2BF4FED7002D72EA /* APIClient */ = {
			isa = PBXGroup;
			children = (
				B748C6A22BF53A5C002D72EA /* RMService.swift */,
				B748C6A42BF53A65002D72EA /* RMRequest.swift */,
				B748C6A62BF53B39002D72EA /* RMEndPoint.swift */,
				B748C6B02BF66126002D72EA /* RMServiceErrors.swift */,
			);
			path = APIClient;
			sourceTree = "<group>";
		};
		B748C68B2BF4FEE2002D72EA /* ViewModels */ = {
			isa = PBXGroup;
			children = (
				B748C71B2C07B479002D72EA /* RMEpisodeListViewVM.swift */,
				B7B37A742C1A27B100654F0D /* Search */,
				B7ED4B262C194D7000A2FAFC /* LocationDetail */,
				B7ED4B212C18D39500A2FAFC /* Locations */,
				B7ED4B0C2C120A6900A2FAFC /* Settings */,
				B748C7282C0A6454002D72EA /* EpisodeDetail */,
				B748C70D2C04CBD4002D72EA /* Character */,
				B748C7062C04CAF3002D72EA /* CharacterDetail */,
			);
			path = ViewModels;
			sourceTree = "<group>";
		};
		B748C68C2BF4FEEA002D72EA /* Models */ = {
			isa = PBXGroup;
			children = (
				B748C6B32BF66A7D002D72EA /* APIResponseTypes */,
				B748C6B22BF66A72002D72EA /* DataTypes */,
			);
			path = Models;
			sourceTree = "<group>";
		};
		B748C68D2BF4FEF0002D72EA /* Controllers */ = {
			isa = PBXGroup;
			children = (
				B748C6E92BFBCF70002D72EA /* Other */,
				B748C68F2BF4FF07002D72EA /* Core */,
			);
			path = Controllers;
			sourceTree = "<group>";
		};
		B748C68E2BF4FEFE002D72EA /* Views */ = {
			isa = PBXGroup;
			children = (
				B7B37A6B2C1A25E700654F0D /* Search */,
				B7ED4B292C194DD500A2FAFC /* LocationDetail */,
				B7ED4B162C17798E00A2FAFC /* Location */,
				B748C7182C07B12F002D72EA /* Episode */,
				B748C6FF2C04CA60002D72EA /* Character */,
				B748C6FE2C04CA46002D72EA /* CharacterDetail */,
				B748C7232C0A601F002D72EA /* EpisodeDetail */,
				B7ED4B132C12114000A2FAFC /* SwiftUI */,
				B748C6D62BF6A440002D72EA /* SubViews */,
			);
			path = Views;
			sourceTree = "<group>";
		};
		B748C68F2BF4FF07002D72EA /* Core */ = {
			isa = PBXGroup;
			children = (
				B748C6782BF4FE33002D72EA /* RMTabBarController.swift */,
				B748C6902BF4FFE3002D72EA /* RMCharacterVC.swift */,
				B748C6922BF4FFFC002D72EA /* RMEpisodeVC.swift */,
				B748C6942BF5000D002D72EA /* RMLocationVC.swift */,
				B748C6962BF5001E002D72EA /* RMSettingsVC.swift */,
			);
			path = Core;
			sourceTree = "<group>";
		};
		B748C69E2BF505D7002D72EA /* Constants */ = {
			isa = PBXGroup;
			children = (
				B748C6A02BF5062C002D72EA /* SFSymbols.swift */,
			);
			path = Constants;
			sourceTree = "<group>";
		};
		B748C69F2BF505DE002D72EA /* Extensions */ = {
			isa = PBXGroup;
			children = (
				B748C6BA2BF67627002D72EA /* UIView+Ext.swift */,
				B748C70E2C0528EC002D72EA /* Date+Ext.swift */,
			);
			path = Extensions;
			sourceTree = "<group>";
		};
		B748C6B22BF66A72002D72EA /* DataTypes */ = {
			isa = PBXGroup;
			children = (
				B748C6982BF5002F002D72EA /* RMLocation.swift */,
				B748C69A2BF5003A002D72EA /* RMCharacter.swift */,
				B748C69C2BF50044002D72EA /* RMEpisode.swift */,
				B748C6A82BF5428E002D72EA /* RMOrigin.swift */,
				B748C6AA2BF54303002D72EA /* RMOriginLocation.swift */,
				B748C6AC2BF5440B002D72EA /* RMCharacterStatus.swift */,
				B748C6AE2BF5443A002D72EA /* RMCharacterGender.swift */,
			);
			path = DataTypes;
			sourceTree = "<group>";
		};
		B748C6B32BF66A7D002D72EA /* APIResponseTypes */ = {
			isa = PBXGroup;
			children = (
				B748C6B42BF66AA8002D72EA /* RMGetAllCharactersResponse.swift */,
				B748C71D2C07B736002D72EA /* RMGetAllEpisodesResponse.swift */,
				B7ED4B1D2C18CF0500A2FAFC /* RMGetLocationsResponse.swift */,
			);
			path = APIResponseTypes;
			sourceTree = "<group>";
		};
		B748C6D62BF6A440002D72EA /* SubViews */ = {
			isa = PBXGroup;
			children = (
				B748C6F02BFD1185002D72EA /* RMFooterLoadingCollectionReusableView.swift */,
				B748C6D92BF6A80A002D72EA /* RMSpinner.swift */,
				B748C6DB2BF6AD30002D72EA /* RMCharacterListCollectionView.swift */,
				B748C6DD2BF7B7F9002D72EA /* RMLayoutFlow.swift */,
				B748C6E32BF7BFDE002D72EA /* RMImageView.swift */,
				B748C6E52BF7C042002D72EA /* RMNameLabel.swift */,
				B748C6E72BF7C207002D72EA /* RMStatusLabel.swift */,
				B748C6F62C0134F3002D72EA /* RMCharacterDetailCollectionVIew.swift */,
				B748C6FC2C019111002D72EA /* RMLayoutCompositional.swift */,
				B748C71F2C07BB46002D72EA /* RMEpisodeListCollectionView.swift */,
				B7ED4B192C177A5400A2FAFC /* RMLocationTableView.swift */,
				B7B37A7B2C1CC61A00654F0D /* RMSearchButton.swift */,
			);
			path = SubViews;
			sourceTree = "<group>";
		};
		B748C6E92BFBCF70002D72EA /* Other */ = {
			isa = PBXGroup;
			children = (
				B748C6EA2BFBCF95002D72EA /* RMCharacterDetailVC.swift */,
				B748C7102C077852002D72EA /* RMEpisodeDetailVC.swift */,
				B748C7212C08E57E002D72EA /* RMSearchVC.swift */,
				B7ED4B242C1948DB00A2FAFC /* RMLocationDetailVC.swift */,
				B7DEA0982C2B39ED009417F3 /* RMSearchOptionVC.swift */,
			);
			path = Other;
			sourceTree = "<group>";
		};
		B748C6FE2C04CA46002D72EA /* CharacterDetail */ = {
			isa = PBXGroup;
			children = (
				B748C6EC2BFBD043002D72EA /* RMCharacterDetailView.swift */,
				B748C7002C04CA9D002D72EA /* RMCharacterPhotoCollectionViewCell.swift */,
				B748C7022C04CAAC002D72EA /* RMCharacterInfoCollectionViewCell.swift */,
				B748C7042C04CABB002D72EA /* RMCharacterEpisodeCollectionViewCell.swift */,
			);
			path = CharacterDetail;
			sourceTree = "<group>";
		};
		B748C6FF2C04CA60002D72EA /* Character */ = {
			isa = PBXGroup;
			children = (
				B748C6B82BF6755E002D72EA /* RMCharacterListView.swift */,
				B748C6DF2BF7BCB7002D72EA /* RMCharacterCollectionViewCell.swift */,
			);
			path = Character;
			sourceTree = "<group>";
		};
		B748C7062C04CAF3002D72EA /* CharacterDetail */ = {
			isa = PBXGroup;
			children = (
				B748C6EE2BFBD090002D72EA /* RMCharacterDetailViewVM.swift */,
				B748C7072C04CB3A002D72EA /* RMCharacterPhotoCollectionViewCellVM.swift */,
				B748C7092C04CB47002D72EA /* RMCharacterInfoCollectionViewCellVM.swift */,
				B748C70B2C04CB54002D72EA /* RMCharacterEpisodeCollectionViewCellVM.swift */,
			);
			path = CharacterDetail;
			sourceTree = "<group>";
		};
		B748C70D2C04CBD4002D72EA /* Character */ = {
			isa = PBXGroup;
			children = (
				B748C6B62BF674C6002D72EA /* RMCharacterListViewVM.swift */,
				B748C6E12BF7BE4D002D72EA /* RMCharacterCollectionViewCellVM.swift */,
			);
			path = Character;
			sourceTree = "<group>";
		};
		B748C7182C07B12F002D72EA /* Episode */ = {
			isa = PBXGroup;
			children = (
				B748C7192C07B146002D72EA /* RMEpisodeListView.swift */,
			);
			path = Episode;
			sourceTree = "<group>";
		};
		B748C7232C0A601F002D72EA /* EpisodeDetail */ = {
			isa = PBXGroup;
			children = (
				B748C7162C0787F8002D72EA /* RMEpisodeDetailView.swift */,
				B748C7242C0A6068002D72EA /* RMEpisodeDetailCollectionView.swift */,
				B748C7262C0A6289002D72EA /* RMEpisodeInfoCollectionViewCell.swift */,
			);
			path = EpisodeDetail;
			sourceTree = "<group>";
		};
		B748C7282C0A6454002D72EA /* EpisodeDetail */ = {
			isa = PBXGroup;
			children = (
				B748C7142C07874A002D72EA /* RMEpisodeDetailViewVM.swift */,
				B748C7292C0A649D002D72EA /* RMEpisodeInfoCollectionViewCellVM.swift */,
			);
			path = EpisodeDetail;
			sourceTree = "<group>";
		};
		B7B37A6B2C1A25E700654F0D /* Search */ = {
			isa = PBXGroup;
			children = (
				B7B37A6C2C1A25FE00654F0D /* RMSearchView.swift */,
				B7B37A722C1A279C00654F0D /* RMNoSearchResultView.swift */,
				B7B37A772C1A281600654F0D /* RMSearchInputView.swift */,
				B7DEA09C2C2CBFA0009417F3 /* RMSearchResultsView.swift */,
			);
			path = Search;
			sourceTree = "<group>";
		};
		B7B37A742C1A27B100654F0D /* Search */ = {
			isa = PBXGroup;
			children = (
				B7B37A6E2C1A261A00654F0D /* RMSearchViewVM.swift */,
				B7B37A752C1A27CA00654F0D /* RMNoSearchResultViewVM.swift */,
				B7B37A792C1A283100654F0D /* RMSearchInputViewVM.swift */,
				B7DEA09A2C2C8659009417F3 /* RMSearchResultVM.swift */,
			);
			path = Search;
			sourceTree = "<group>";
		};
		B7ED4B0C2C120A6900A2FAFC /* Settings */ = {
			isa = PBXGroup;
			children = (
				B7ED4B0F2C120A9600A2FAFC /* RMSettingsViewVM.swift */,
				B7ED4B112C120AA700A2FAFC /* RMSettingsCellVM.swift */,
				B7ED4B0D2C120A8400A2FAFC /* RMSettingsOption.swift */,
			);
			path = Settings;
			sourceTree = "<group>";
		};
		B7ED4B132C12114000A2FAFC /* SwiftUI */ = {
			isa = PBXGroup;
			children = (
				B7ED4B142C12116800A2FAFC /* RMSettingsView.swift */,
			);
			path = SwiftUI;
			sourceTree = "<group>";
		};
		B7ED4B162C17798E00A2FAFC /* Location */ = {
			isa = PBXGroup;
			children = (
				B7ED4B172C1779C500A2FAFC /* RMLocationView.swift */,
				B7ED4B1F2C18D2F900A2FAFC /* RMLocationTableViewCell.swift */,
			);
			path = Location;
			sourceTree = "<group>";
		};
		B7ED4B212C18D39500A2FAFC /* Locations */ = {
			isa = PBXGroup;
			children = (
				B7ED4B222C18D3B300A2FAFC /* RMLocationTableViewCellVM.swift */,
				B7ED4B1B2C177F4100A2FAFC /* RMLocationViewVM.swift */,
			);
			path = Locations;
			sourceTree = "<group>";
		};
		B7ED4B262C194D7000A2FAFC /* LocationDetail */ = {
			isa = PBXGroup;
			children = (
				B7ED4B302C194EDB00A2FAFC /* RMLocationDetailViewVM.swift */,
				B7ED4B322C194F0100A2FAFC /* RMLocationInfoCollectionViewCellVM.swift */,
			);
			path = LocationDetail;
			sourceTree = "<group>";
		};
		B7ED4B292C194DD500A2FAFC /* LocationDetail */ = {
			isa = PBXGroup;
			children = (
				B7ED4B2A2C194E0300A2FAFC /* RMLocationDetailView.swift */,
				B7ED4B2C2C194E3100A2FAFC /* RMLocationDetailCollectionView.swift */,
				B7ED4B2E2C194E4400A2FAFC /* RMLocationInfoCollectionViewCell.swift */,
			);
			path = LocationDetail;
			sourceTree = "<group>";
		};
/* End PBXGroup section */

/* Begin PBXNativeTarget section */
		B748C6702BF4FE33002D72EA /* RickandMortyTest */ = {
			isa = PBXNativeTarget;
			buildConfigurationList = B748C6852BF4FE35002D72EA /* Build configuration list for PBXNativeTarget "RickandMortyTest" */;
			buildPhases = (
				B748C66D2BF4FE33002D72EA /* Sources */,
				B748C66E2BF4FE33002D72EA /* Frameworks */,
				B748C66F2BF4FE33002D72EA /* Resources */,
			);
			buildRules = (
			);
			dependencies = (
			);
			name = RickandMortyTest;
			productName = RickandMortyTest;
			productReference = B748C6712BF4FE33002D72EA /* RickandMortyTest.app */;
			productType = "com.apple.product-type.application";
		};
/* End PBXNativeTarget section */

/* Begin PBXProject section */
		B748C6692BF4FE33002D72EA /* Project object */ = {
			isa = PBXProject;
			attributes = {
				BuildIndependentTargetsInParallel = 1;
				LastSwiftUpdateCheck = 1540;
				LastUpgradeCheck = 1540;
				TargetAttributes = {
					B748C6702BF4FE33002D72EA = {
						CreatedOnToolsVersion = 15.4;
					};
				};
			};
			buildConfigurationList = B748C66C2BF4FE33002D72EA /* Build configuration list for PBXProject "RickandMortyTest" */;
			compatibilityVersion = "Xcode 14.0";
			developmentRegion = en;
			hasScannedForEncodings = 0;
			knownRegions = (
				en,
				Base,
			);
			mainGroup = B748C6682BF4FE33002D72EA;
			productRefGroup = B748C6722BF4FE33002D72EA /* Products */;
			projectDirPath = "";
			projectRoot = "";
			targets = (
				B748C6702BF4FE33002D72EA /* RickandMortyTest */,
			);
		};
/* End PBXProject section */

/* Begin PBXResourcesBuildPhase section */
		B748C66F2BF4FE33002D72EA /* Resources */ = {
			isa = PBXResourcesBuildPhase;
			buildActionMask = 2147483647;
			files = (
				B748C67E2BF4FE35002D72EA /* Assets.xcassets in Resources */,
				B748C6812BF4FE35002D72EA /* Base in Resources */,
			);
			runOnlyForDeploymentPostprocessing = 0;
		};
/* End PBXResourcesBuildPhase section */

/* Begin PBXSourcesBuildPhase section */
		B748C66D2BF4FE33002D72EA /* Sources */ = {
			isa = PBXSourcesBuildPhase;
			buildActionMask = 2147483647;
			files = (
				B748C6FD2C019111002D72EA /* RMLayoutCompositional.swift in Sources */,
				B7ED4B2D2C194E3100A2FAFC /* RMLocationDetailCollectionView.swift in Sources */,
				B7ED4B2F2C194E4400A2FAFC /* RMLocationInfoCollectionViewCell.swift in Sources */,
				B748C7032C04CAAC002D72EA /* RMCharacterInfoCollectionViewCell.swift in Sources */,
				B748C6B92BF6755E002D72EA /* RMCharacterListView.swift in Sources */,
				B748C7272C0A6289002D72EA /* RMEpisodeInfoCollectionViewCell.swift in Sources */,
				B7ED4B1A2C177A5400A2FAFC /* RMLocationTableView.swift in Sources */,
				B7ED4B102C120A9600A2FAFC /* RMSettingsViewVM.swift in Sources */,
				B7ED4B312C194EDB00A2FAFC /* RMLocationDetailViewVM.swift in Sources */,
				B7B37A732C1A279C00654F0D /* RMNoSearchResultView.swift in Sources */,
				B748C7202C07BB46002D72EA /* RMEpisodeListCollectionView.swift in Sources */,
				B7ED4B1C2C177F4100A2FAFC /* RMLocationViewVM.swift in Sources */,
				B748C6B72BF674C6002D72EA /* RMCharacterListViewVM.swift in Sources */,
				B748C72A2C0A649D002D72EA /* RMEpisodeInfoCollectionViewCellVM.swift in Sources */,
				B748C7222C08E57E002D72EA /* RMSearchVC.swift in Sources */,
				B748C6952BF5000D002D72EA /* RMLocationVC.swift in Sources */,
				B7B37A7C2C1CC61A00654F0D /* RMSearchButton.swift in Sources */,
				B748C7172C0787F8002D72EA /* RMEpisodeDetailView.swift in Sources */,
				B748C6AB2BF54303002D72EA /* RMOriginLocation.swift in Sources */,
				B748C6792BF4FE33002D72EA /* RMTabBarController.swift in Sources */,
				B748C70A2C04CB47002D72EA /* RMCharacterInfoCollectionViewCellVM.swift in Sources */,
				B748C6A32BF53A5C002D72EA /* RMService.swift in Sources */,
				B748C7132C077FB1002D72EA /* RMAPICache.swift in Sources */,
				B748C6B12BF66127002D72EA /* RMServiceErrors.swift in Sources */,
				B748C6DA2BF6A80A002D72EA /* RMSpinner.swift in Sources */,
				B748C69D2BF50044002D72EA /* RMEpisode.swift in Sources */,
				B748C7112C077852002D72EA /* RMEpisodeDetailVC.swift in Sources */,
				B7ED4B122C120AA700A2FAFC /* RMSettingsCellVM.swift in Sources */,
				B748C6A12BF5062C002D72EA /* SFSymbols.swift in Sources */,
				B748C6752BF4FE33002D72EA /* AppDelegate.swift in Sources */,
				B748C7052C04CABB002D72EA /* RMCharacterEpisodeCollectionViewCell.swift in Sources */,
				B7ED4B152C12116800A2FAFC /* RMSettingsView.swift in Sources */,
				B7ED4B232C18D3B300A2FAFC /* RMLocationTableViewCellVM.swift in Sources */,
				B748C6EF2BFBD090002D72EA /* RMCharacterDetailViewVM.swift in Sources */,
				B748C71C2C07B479002D72EA /* RMEpisodeListViewVM.swift in Sources */,
				B7B37A6D2C1A25FE00654F0D /* RMSearchView.swift in Sources */,
				B748C6B52BF66AA8002D72EA /* RMGetAllCharactersResponse.swift in Sources */,
				B748C6EB2BFBCF95002D72EA /* RMCharacterDetailVC.swift in Sources */,
				B748C6A52BF53A65002D72EA /* RMRequest.swift in Sources */,
				B748C6BB2BF67627002D72EA /* UIView+Ext.swift in Sources */,
				B748C6E22BF7BE4D002D72EA /* RMCharacterCollectionViewCellVM.swift in Sources */,
				B748C6DC2BF6AD30002D72EA /* RMCharacterListCollectionView.swift in Sources */,
				B748C71A2C07B146002D72EA /* RMEpisodeListView.swift in Sources */,
				B7B37A782C1A281600654F0D /* RMSearchInputView.swift in Sources */,
				B748C6A72BF53B39002D72EA /* RMEndPoint.swift in Sources */,
				B748C7012C04CA9D002D72EA /* RMCharacterPhotoCollectionViewCell.swift in Sources */,
				B7ED4B252C1948DB00A2FAFC /* RMLocationDetailVC.swift in Sources */,
				B748C6AD2BF5440B002D72EA /* RMCharacterStatus.swift in Sources */,
				B748C6E42BF7BFDE002D72EA /* RMImageView.swift in Sources */,
				B748C6E82BF7C207002D72EA /* RMStatusLabel.swift in Sources */,
				B748C6E02BF7BCB7002D72EA /* RMCharacterCollectionViewCell.swift in Sources */,
				B748C6DE2BF7B7F9002D72EA /* RMLayoutFlow.swift in Sources */,
				B748C7152C07874A002D72EA /* RMEpisodeDetailViewVM.swift in Sources */,
				B748C7252C0A6068002D72EA /* RMEpisodeDetailCollectionView.swift in Sources */,
				B748C6992BF5002F002D72EA /* RMLocation.swift in Sources */,
				B7B37A762C1A27CA00654F0D /* RMNoSearchResultViewVM.swift in Sources */,
				B7ED4B182C1779C500A2FAFC /* RMLocationView.swift in Sources */,
				B748C70C2C04CB54002D72EA /* RMCharacterEpisodeCollectionViewCellVM.swift in Sources */,
				B748C6AF2BF5443A002D72EA /* RMCharacterGender.swift in Sources */,
				B748C6932BF4FFFC002D72EA /* RMEpisodeVC.swift in Sources */,
				B748C6ED2BFBD043002D72EA /* RMCharacterDetailView.swift in Sources */,
				B748C71E2C07B736002D72EA /* RMGetAllEpisodesResponse.swift in Sources */,
				B7ED4B0E2C120A8400A2FAFC /* RMSettingsOption.swift in Sources */,
				B748C6772BF4FE33002D72EA /* SceneDelegate.swift in Sources */,
				B7DEA0992C2B39ED009417F3 /* RMSearchOptionVC.swift in Sources */,
				B748C7082C04CB3A002D72EA /* RMCharacterPhotoCollectionViewCellVM.swift in Sources */,
				B748C69B2BF5003A002D72EA /* RMCharacter.swift in Sources */,
				B7B37A7A2C1A283100654F0D /* RMSearchInputViewVM.swift in Sources */,
				B748C6972BF5001E002D72EA /* RMSettingsVC.swift in Sources */,
				B748C6F32BFECB7B002D72EA /* RMImageLoader.swift in Sources */,
				B748C6F12BFD1185002D72EA /* RMFooterLoadingCollectionReusableView.swift in Sources */,
				B748C6F72C0134F3002D72EA /* RMCharacterDetailCollectionVIew.swift in Sources */,
				B748C6E62BF7C042002D72EA /* RMNameLabel.swift in Sources */,
				B7B37A6F2C1A261A00654F0D /* RMSearchViewVM.swift in Sources */,
				B7ED4B202C18D2F900A2FAFC /* RMLocationTableViewCell.swift in Sources */,
				B7ED4B1E2C18CF0500A2FAFC /* RMGetLocationsResponse.swift in Sources */,
				B7DEA09D2C2CBFA0009417F3 /* RMSearchResultsView.swift in Sources */,
				B7DEA09B2C2C8659009417F3 /* RMSearchResultVM.swift in Sources */,
				B7ED4B332C194F0100A2FAFC /* RMLocationInfoCollectionViewCellVM.swift in Sources */,
				B748C70F2C0528ED002D72EA /* Date+Ext.swift in Sources */,
				B7ED4B2B2C194E0300A2FAFC /* RMLocationDetailView.swift in Sources */,
				B748C6A92BF5428E002D72EA /* RMOrigin.swift in Sources */,
				B748C6912BF4FFE3002D72EA /* RMCharacterVC.swift in Sources */,
			);
			runOnlyForDeploymentPostprocessing = 0;
		};
/* End PBXSourcesBuildPhase section */

/* Begin PBXVariantGroup section */
		B748C67F2BF4FE35002D72EA /* LaunchScreen.storyboard */ = {
			isa = PBXVariantGroup;
			children = (
				B748C6802BF4FE35002D72EA /* Base */,
			);
			name = LaunchScreen.storyboard;
			sourceTree = "<group>";
		};
/* End PBXVariantGroup section */

/* Begin XCBuildConfiguration section */
		B748C6832BF4FE35002D72EA /* Debug */ = {
			isa = XCBuildConfiguration;
			buildSettings = {
				ALWAYS_SEARCH_USER_PATHS = NO;
				ASSETCATALOG_COMPILER_GENERATE_SWIFT_ASSET_SYMBOL_EXTENSIONS = YES;
				CLANG_ANALYZER_NONNULL = YES;
				CLANG_ANALYZER_NUMBER_OBJECT_CONVERSION = YES_AGGRESSIVE;
				CLANG_CXX_LANGUAGE_STANDARD = "gnu++20";
				CLANG_ENABLE_MODULES = YES;
				CLANG_ENABLE_OBJC_ARC = YES;
				CLANG_ENABLE_OBJC_WEAK = YES;
				CLANG_WARN_BLOCK_CAPTURE_AUTORELEASING = YES;
				CLANG_WARN_BOOL_CONVERSION = YES;
				CLANG_WARN_COMMA = YES;
				CLANG_WARN_CONSTANT_CONVERSION = YES;
				CLANG_WARN_DEPRECATED_OBJC_IMPLEMENTATIONS = YES;
				CLANG_WARN_DIRECT_OBJC_ISA_USAGE = YES_ERROR;
				CLANG_WARN_DOCUMENTATION_COMMENTS = YES;
				CLANG_WARN_EMPTY_BODY = YES;
				CLANG_WARN_ENUM_CONVERSION = YES;
				CLANG_WARN_INFINITE_RECURSION = YES;
				CLANG_WARN_INT_CONVERSION = YES;
				CLANG_WARN_NON_LITERAL_NULL_CONVERSION = YES;
				CLANG_WARN_OBJC_IMPLICIT_RETAIN_SELF = YES;
				CLANG_WARN_OBJC_LITERAL_CONVERSION = YES;
				CLANG_WARN_OBJC_ROOT_CLASS = YES_ERROR;
				CLANG_WARN_QUOTED_INCLUDE_IN_FRAMEWORK_HEADER = YES;
				CLANG_WARN_RANGE_LOOP_ANALYSIS = YES;
				CLANG_WARN_STRICT_PROTOTYPES = YES;
				CLANG_WARN_SUSPICIOUS_MOVE = YES;
				CLANG_WARN_UNGUARDED_AVAILABILITY = YES_AGGRESSIVE;
				CLANG_WARN_UNREACHABLE_CODE = YES;
				CLANG_WARN__DUPLICATE_METHOD_MATCH = YES;
				COPY_PHASE_STRIP = NO;
				DEBUG_INFORMATION_FORMAT = dwarf;
				ENABLE_STRICT_OBJC_MSGSEND = YES;
				ENABLE_TESTABILITY = YES;
				ENABLE_USER_SCRIPT_SANDBOXING = YES;
				GCC_C_LANGUAGE_STANDARD = gnu17;
				GCC_DYNAMIC_NO_PIC = NO;
				GCC_NO_COMMON_BLOCKS = YES;
				GCC_OPTIMIZATION_LEVEL = 0;
				GCC_PREPROCESSOR_DEFINITIONS = (
					"DEBUG=1",
					"$(inherited)",
				);
				GCC_WARN_64_TO_32_BIT_CONVERSION = YES;
				GCC_WARN_ABOUT_RETURN_TYPE = YES_ERROR;
				GCC_WARN_UNDECLARED_SELECTOR = YES;
				GCC_WARN_UNINITIALIZED_AUTOS = YES_AGGRESSIVE;
				GCC_WARN_UNUSED_FUNCTION = YES;
				GCC_WARN_UNUSED_VARIABLE = YES;
				IPHONEOS_DEPLOYMENT_TARGET = 17.5;
				LOCALIZATION_PREFERS_STRING_CATALOGS = YES;
				MTL_ENABLE_DEBUG_INFO = INCLUDE_SOURCE;
				MTL_FAST_MATH = YES;
				ONLY_ACTIVE_ARCH = YES;
				SDKROOT = iphoneos;
				SWIFT_ACTIVE_COMPILATION_CONDITIONS = "DEBUG $(inherited)";
				SWIFT_OPTIMIZATION_LEVEL = "-Onone";
			};
			name = Debug;
		};
		B748C6842BF4FE35002D72EA /* Release */ = {
			isa = XCBuildConfiguration;
			buildSettings = {
				ALWAYS_SEARCH_USER_PATHS = NO;
				ASSETCATALOG_COMPILER_GENERATE_SWIFT_ASSET_SYMBOL_EXTENSIONS = YES;
				CLANG_ANALYZER_NONNULL = YES;
				CLANG_ANALYZER_NUMBER_OBJECT_CONVERSION = YES_AGGRESSIVE;
				CLANG_CXX_LANGUAGE_STANDARD = "gnu++20";
				CLANG_ENABLE_MODULES = YES;
				CLANG_ENABLE_OBJC_ARC = YES;
				CLANG_ENABLE_OBJC_WEAK = YES;
				CLANG_WARN_BLOCK_CAPTURE_AUTORELEASING = YES;
				CLANG_WARN_BOOL_CONVERSION = YES;
				CLANG_WARN_COMMA = YES;
				CLANG_WARN_CONSTANT_CONVERSION = YES;
				CLANG_WARN_DEPRECATED_OBJC_IMPLEMENTATIONS = YES;
				CLANG_WARN_DIRECT_OBJC_ISA_USAGE = YES_ERROR;
				CLANG_WARN_DOCUMENTATION_COMMENTS = YES;
				CLANG_WARN_EMPTY_BODY = YES;
				CLANG_WARN_ENUM_CONVERSION = YES;
				CLANG_WARN_INFINITE_RECURSION = YES;
				CLANG_WARN_INT_CONVERSION = YES;
				CLANG_WARN_NON_LITERAL_NULL_CONVERSION = YES;
				CLANG_WARN_OBJC_IMPLICIT_RETAIN_SELF = YES;
				CLANG_WARN_OBJC_LITERAL_CONVERSION = YES;
				CLANG_WARN_OBJC_ROOT_CLASS = YES_ERROR;
				CLANG_WARN_QUOTED_INCLUDE_IN_FRAMEWORK_HEADER = YES;
				CLANG_WARN_RANGE_LOOP_ANALYSIS = YES;
				CLANG_WARN_STRICT_PROTOTYPES = YES;
				CLANG_WARN_SUSPICIOUS_MOVE = YES;
				CLANG_WARN_UNGUARDED_AVAILABILITY = YES_AGGRESSIVE;
				CLANG_WARN_UNREACHABLE_CODE = YES;
				CLANG_WARN__DUPLICATE_METHOD_MATCH = YES;
				COPY_PHASE_STRIP = NO;
				DEBUG_INFORMATION_FORMAT = "dwarf-with-dsym";
				ENABLE_NS_ASSERTIONS = NO;
				ENABLE_STRICT_OBJC_MSGSEND = YES;
				ENABLE_USER_SCRIPT_SANDBOXING = YES;
				GCC_C_LANGUAGE_STANDARD = gnu17;
				GCC_NO_COMMON_BLOCKS = YES;
				GCC_WARN_64_TO_32_BIT_CONVERSION = YES;
				GCC_WARN_ABOUT_RETURN_TYPE = YES_ERROR;
				GCC_WARN_UNDECLARED_SELECTOR = YES;
				GCC_WARN_UNINITIALIZED_AUTOS = YES_AGGRESSIVE;
				GCC_WARN_UNUSED_FUNCTION = YES;
				GCC_WARN_UNUSED_VARIABLE = YES;
				IPHONEOS_DEPLOYMENT_TARGET = 17.5;
				LOCALIZATION_PREFERS_STRING_CATALOGS = YES;
				MTL_ENABLE_DEBUG_INFO = NO;
				MTL_FAST_MATH = YES;
				SDKROOT = iphoneos;
				SWIFT_COMPILATION_MODE = wholemodule;
				VALIDATE_PRODUCT = YES;
			};
			name = Release;
		};
		B748C6862BF4FE35002D72EA /* Debug */ = {
			isa = XCBuildConfiguration;
			buildSettings = {
				ASSETCATALOG_COMPILER_APPICON_NAME = AppIcon;
				ASSETCATALOG_COMPILER_GLOBAL_ACCENT_COLOR_NAME = AccentColor;
				CODE_SIGN_STYLE = Automatic;
				CURRENT_PROJECT_VERSION = 1;
				DEVELOPMENT_TEAM = 96P56573X3;
				GENERATE_INFOPLIST_FILE = YES;
				INFOPLIST_FILE = RickandMortyTest/Info.plist;
				INFOPLIST_KEY_CFBundleDisplayName = "Rick & Morty";
				INFOPLIST_KEY_LSApplicationCategoryType = "public.app-category.education";
				INFOPLIST_KEY_UIApplicationSupportsIndirectInputEvents = YES;
				INFOPLIST_KEY_UILaunchStoryboardName = LaunchScreen;
				INFOPLIST_KEY_UISupportedInterfaceOrientations_iPad = "UIInterfaceOrientationPortrait UIInterfaceOrientationPortraitUpsideDown UIInterfaceOrientationLandscapeLeft UIInterfaceOrientationLandscapeRight";
				INFOPLIST_KEY_UISupportedInterfaceOrientations_iPhone = "UIInterfaceOrientationPortrait UIInterfaceOrientationLandscapeLeft UIInterfaceOrientationLandscapeRight";
				IPHONEOS_DEPLOYMENT_TARGET = 16.0;
				LD_RUNPATH_SEARCH_PATHS = (
					"$(inherited)",
					"@executable_path/Frameworks",
				);
				MARKETING_VERSION = 1.0;
				PRODUCT_BUNDLE_IDENTIFIER = fedegarcia.RickandMortyTest;
				PRODUCT_NAME = "$(TARGET_NAME)";
				SWIFT_EMIT_LOC_STRINGS = YES;
				SWIFT_VERSION = 5.0;
				TARGETED_DEVICE_FAMILY = "1,2";
			};
			name = Debug;
		};
		B748C6872BF4FE35002D72EA /* Release */ = {
			isa = XCBuildConfiguration;
			buildSettings = {
				ASSETCATALOG_COMPILER_APPICON_NAME = AppIcon;
				ASSETCATALOG_COMPILER_GLOBAL_ACCENT_COLOR_NAME = AccentColor;
				CODE_SIGN_STYLE = Automatic;
				CURRENT_PROJECT_VERSION = 1;
				DEVELOPMENT_TEAM = 96P56573X3;
				GENERATE_INFOPLIST_FILE = YES;
				INFOPLIST_FILE = RickandMortyTest/Info.plist;
				INFOPLIST_KEY_CFBundleDisplayName = "Rick & Morty";
				INFOPLIST_KEY_LSApplicationCategoryType = "public.app-category.education";
				INFOPLIST_KEY_UIApplicationSupportsIndirectInputEvents = YES;
				INFOPLIST_KEY_UILaunchStoryboardName = LaunchScreen;
				INFOPLIST_KEY_UISupportedInterfaceOrientations_iPad = "UIInterfaceOrientationPortrait UIInterfaceOrientationPortraitUpsideDown UIInterfaceOrientationLandscapeLeft UIInterfaceOrientationLandscapeRight";
				INFOPLIST_KEY_UISupportedInterfaceOrientations_iPhone = "UIInterfaceOrientationPortrait UIInterfaceOrientationLandscapeLeft UIInterfaceOrientationLandscapeRight";
				IPHONEOS_DEPLOYMENT_TARGET = 16.0;
				LD_RUNPATH_SEARCH_PATHS = (
					"$(inherited)",
					"@executable_path/Frameworks",
				);
				MARKETING_VERSION = 1.0;
				PRODUCT_BUNDLE_IDENTIFIER = fedegarcia.RickandMortyTest;
				PRODUCT_NAME = "$(TARGET_NAME)";
				SWIFT_EMIT_LOC_STRINGS = YES;
				SWIFT_VERSION = 5.0;
				TARGETED_DEVICE_FAMILY = "1,2";
			};
			name = Release;
		};
/* End XCBuildConfiguration section */

/* Begin XCConfigurationList section */
		B748C66C2BF4FE33002D72EA /* Build configuration list for PBXProject "RickandMortyTest" */ = {
			isa = XCConfigurationList;
			buildConfigurations = (
				B748C6832BF4FE35002D72EA /* Debug */,
				B748C6842BF4FE35002D72EA /* Release */,
			);
			defaultConfigurationIsVisible = 0;
			defaultConfigurationName = Release;
		};
		B748C6852BF4FE35002D72EA /* Build configuration list for PBXNativeTarget "RickandMortyTest" */ = {
			isa = XCConfigurationList;
			buildConfigurations = (
				B748C6862BF4FE35002D72EA /* Debug */,
				B748C6872BF4FE35002D72EA /* Release */,
			);
			defaultConfigurationIsVisible = 0;
			defaultConfigurationName = Release;
		};
/* End XCConfigurationList section */
	};
	rootObject = B748C6692BF4FE33002D72EA /* Project object */;
}
